// !$*UTF8*$!
{
	archiveVersion = 1;
	classes = {
	};
	objectVersion = 77;
	objects = {

/* Begin PBXBuildFile section */
		06BCF4ADC30405F292D7B64C /* EmotionTestViewModelTests.swift in Sources */ = {isa = PBXBuildFile; fileRef = 79F056320618BF2744EAC909 /* EmotionTestViewModelTests.swift */; };
		10B076C4CBD5237ECB6B305D /* DefaultAnalyzeEmotionUseCaseTests.swift in Sources */ = {isa = PBXBuildFile; fileRef = C6E353FF7D86EAC9E125F484 /* DefaultAnalyzeEmotionUseCaseTests.swift */; };
		16FD4F6D002D9911BCDA46DD /* GAMSSTests.swift in Sources */ = {isa = PBXBuildFile; fileRef = 7674D757C326ABEDB6302AA6 /* GAMSSTests.swift */; };
		1831280D5A93BBA27EDAEA25 /* DefaultCardRepositoryTests.swift in Sources */ = {isa = PBXBuildFile; fileRef = 90B8DCEEB8A4D7DDE8987325 /* DefaultCardRepositoryTests.swift */; };
		1997D517BF9366E6F99231DC /* MemberProfileResponseDTOTests.swift in Sources */ = {isa = PBXBuildFile; fileRef = 154AB84FDB8FA1B084D0B67D /* MemberProfileResponseDTOTests.swift */; };
		1B749C406C1D1BDD368D3CF0 /* EmotionCharacterServerKeyMappingTests.swift in Sources */ = {isa = PBXBuildFile; fileRef = 95BC0A2F902BCC45D7A387D1 /* EmotionCharacterServerKeyMappingTests.swift */; };
		1CE64E3A4D746FFBE391D949 /* DefaultConversationSummaryStoreTests.swift in Sources */ = {isa = PBXBuildFile; fileRef = 032B0D990023EAA1E72E1E82 /* DefaultConversationSummaryStoreTests.swift */; };
		1D8DF6DFC7E7383B9B8C5850 /* DefaultSummaryRepositoryTests.swift in Sources */ = {isa = PBXBuildFile; fileRef = A17C099A15F7D9B1481998D0 /* DefaultSummaryRepositoryTests.swift */; };
		228C37F390B54C3FA3796868 /* DefaultFetchMyProfileUseCaseTests.swift in Sources */ = {isa = PBXBuildFile; fileRef = 9F31305F9DDE03A304202C57 /* DefaultFetchMyProfileUseCaseTests.swift */; };
		24EED49AAB4C574B02E9C077 /* EmotionTests.swift in Sources */ = {isa = PBXBuildFile; fileRef = CEB4219C48B0B2A51FA9457C /* EmotionTests.swift */; };
		26A84A0255BB5BB7139414C5 /* Tokenizers in Frameworks */ = {isa = PBXBuildFile; productRef = 4F92A4F86371ED0E8E85D78F /* Tokenizers */; };
		29260DC1DEE437ADC8399405 /* CreateCardRequestDTOTests.swift in Sources */ = {isa = PBXBuildFile; fileRef = 411F8C36A4F71C3D2F78D616 /* CreateCardRequestDTOTests.swift */; };
		297733B706A213A8E068FB70 /* ConversationHistoryViewModelTests.swift in Sources */ = {isa = PBXBuildFile; fileRef = 02C393632C8A4F12516549D4 /* ConversationHistoryViewModelTests.swift */; };
		314A1F5B02F8DB4F55F4CC1B /* RiskLexiconDTOTests.swift in Sources */ = {isa = PBXBuildFile; fileRef = 357489411EB50E4E3E610372 /* RiskLexiconDTOTests.swift */; };
		34F9001EAF385037DD9F30BC /* TokenUsageTests.swift in Sources */ = {isa = PBXBuildFile; fileRef = 917AD3CE2188BF3D5DCBEBF7 /* TokenUsageTests.swift */; };
		37CC583C76082794EA8ED2C3 /* ConversationListDateHeaderFormatterTests.swift in Sources */ = {isa = PBXBuildFile; fileRef = 279ECD6F38C25ADFF48996F2 /* ConversationListDateHeaderFormatterTests.swift */; };
		3D1B542CB60C3958D3F16702 /* EmotionCharacterTests.swift in Sources */ = {isa = PBXBuildFile; fileRef = 7BB1A4112363D93ED3AD1598 /* EmotionCharacterTests.swift */; };
		3EA1E967FD5758D439B9562F /* EndConversationUseCaseTests.swift in Sources */ = {isa = PBXBuildFile; fileRef = 022C2DDBA5CC65F023C72625 /* EndConversationUseCaseTests.swift */; };
		3EF2F6DB34A2276C2C9FD746 /* diary_samples.json in Resources */ = {isa = PBXBuildFile; fileRef = ED231F0A80BD3A4AF9E50BBC /* diary_samples.json */; };
		406BB4AAD1B77A703DD61BD3 /* RiskDetectionTests.swift in Sources */ = {isa = PBXBuildFile; fileRef = 90261BDEC2055EA4C470456E /* RiskDetectionTests.swift */; };
		49CAEB1FBF568E55C6C648B7 /* ConversationListViewModelTests.swift in Sources */ = {isa = PBXBuildFile; fileRef = 3A26CAC1BD5FA5DF19D14615 /* ConversationListViewModelTests.swift */; };
		4F5858CDEFD69E5C60230EB3 /* MessageComposerLayoutTests.swift in Sources */ = {isa = PBXBuildFile; fileRef = B130F9698EB71973DB961378 /* MessageComposerLayoutTests.swift */; };
		573CFD0A1638F27B889EF865 /* SendMessageUseCaseTests.swift in Sources */ = {isa = PBXBuildFile; fileRef = 4DDF78D0118869F3D9E1E269 /* SendMessageUseCaseTests.swift */; };
		58652E08F4413DEA2016C082 /* MessageBubbleLayoutTests.swift in Sources */ = {isa = PBXBuildFile; fileRef = 6EF457567BE11A68704DC4FE /* MessageBubbleLayoutTests.swift */; };
		59B8600C3D1B9FD86501884C /* CreateCardUseCaseTests.swift in Sources */ = {isa = PBXBuildFile; fileRef = 16F98692DAD0EFA3A362F10A /* CreateCardUseCaseTests.swift */; };
		5E6EF3C5D7CE4FF3EE4392EC /* ConversationMessageDTOTests.swift in Sources */ = {isa = PBXBuildFile; fileRef = B35175B780592B411BDD6B82 /* ConversationMessageDTOTests.swift */; };
		5F8A6F3F851E20BCFE3F805D /* CommentRevealPolicyTests.swift in Sources */ = {isa = PBXBuildFile; fileRef = 86563A77A8A674E7F050119E /* CommentRevealPolicyTests.swift */; };
		6247F063C637FED7F28DDE79 /* GetCardUseCaseTests.swift in Sources */ = {isa = PBXBuildFile; fileRef = 706922C280295136993F80AC /* GetCardUseCaseTests.swift */; };
		66BC114B170E43E9C900F517 /* QuotedReplyHeaderTests.swift in Sources */ = {isa = PBXBuildFile; fileRef = 1B68677BF01B5A8971B85AC4 /* QuotedReplyHeaderTests.swift */; };
		6C623FF45784475E33185488 /* CardResponseDTOTests.swift in Sources */ = {isa = PBXBuildFile; fileRef = BD20B27264EF78F9AD4039D6 /* CardResponseDTOTests.swift */; };
		6D62719004B2E6D1D53E3CB9 /* FirebaseFirestore in Frameworks */ = {isa = PBXBuildFile; productRef = 82735CEB5F372593FF6244CF /* FirebaseFirestore */; };
		70248D85300794C800857369 /* FirebaseCrashlytics in Frameworks */ = {isa = PBXBuildFile; productRef = 70248D84300794C800857369 /* FirebaseCrashlytics */; };
		70248DCD300D429100857369 /* FirebaseAuth in Frameworks */ = {isa = PBXBuildFile; productRef = 70248DCC300D429100857369 /* FirebaseAuth */; };
		7651811B18BCC6B77AD9FB7B /* ISO8601FlexibleParserTests.swift in Sources */ = {isa = PBXBuildFile; fileRef = 8157B3B43D20FE0CB425BCC3 /* ISO8601FlexibleParserTests.swift */; };
		7A4795156579633496BE4C49 /* TokenUsageResponseDTOTests.swift in Sources */ = {isa = PBXBuildFile; fileRef = 4E5CDEAD6EF2BE204D413633 /* TokenUsageResponseDTOTests.swift */; };
		7E7867EE85C39CBE2B4A9213 /* RiskLexiconCacheTests.swift in Sources */ = {isa = PBXBuildFile; fileRef = 74BF85D65FE78E068CE73F9E /* RiskLexiconCacheTests.swift */; };
		85725D9CB0A442D0A3F763B7 /* CardResultViewModelTests.swift in Sources */ = {isa = PBXBuildFile; fileRef = E3A3B1AD8D344DFAB396C504 /* CardResultViewModelTests.swift */; };
		86117F35EFDB7052CCD724B1 /* DeleteCardUseCaseTests.swift in Sources */ = {isa = PBXBuildFile; fileRef = EC5CB066B802E5F028B99529 /* DeleteCardUseCaseTests.swift */; };
		8F4E518B79C7B76223B098BA /* Tokenizers in Frameworks */ = {isa = PBXBuildFile; productRef = 8E8487F478AF703D394C5EB6 /* Tokenizers */; };
		91789B140656BAFCCDEB8E50 /* UpdateConversationTitleUseCaseTests.swift in Sources */ = {isa = PBXBuildFile; fileRef = B57C94EC067D840B994A661B /* UpdateConversationTitleUseCaseTests.swift */; };
		94A526BCCCD9DF730A39BF97 /* sample_sentences.json in Resources */ = {isa = PBXBuildFile; fileRef = D4BE9D664889F13369325DC9 /* sample_sentences.json */; };
		96AB63E38D6D2755BA3BC839 /* ConversationPreviewTextFormatterTests.swift in Sources */ = {isa = PBXBuildFile; fileRef = 5EA0CD379D5E578049585DD1 /* ConversationPreviewTextFormatterTests.swift */; };
		9EA6F6B8DF51021E18342083 /* HomeViewModelTests.swift in Sources */ = {isa = PBXBuildFile; fileRef = 3EDC07CB1FA5BA970388DB6A /* HomeViewModelTests.swift */; };
		A2EE79F9D91A740A8F752761 /* ConversationSummaryDTOTests.swift in Sources */ = {isa = PBXBuildFile; fileRef = 0ACAF83D4A9CCBB62EFD5C84 /* ConversationSummaryDTOTests.swift */; };
		A8948FBCA4DF4E43F2C582EA /* Pods_GAMSS.framework in Frameworks */ = {isa = PBXBuildFile; fileRef = EB14F9D00BB8B80EFE9A40A4 /* Pods_GAMSS.framework */; };
		A8FEE0AD9A4A60908DC5F5F1 /* CreateMessageRequestDTOTests.swift in Sources */ = {isa = PBXBuildFile; fileRef = 7DAA522A6DCECC0B3666523C /* CreateMessageRequestDTOTests.swift */; };
		A9E97BA8DEC5EE7635B77D1F /* ChatComposerViewTests.swift in Sources */ = {isa = PBXBuildFile; fileRef = 3C5DF3BD54F67AE200949A44 /* ChatComposerViewTests.swift */; };
		ABF5C91182F3B409C1AA9E8E /* GetMessagesUseCaseTests.swift in Sources */ = {isa = PBXBuildFile; fileRef = 83A67D7BECCB85A88C969AD7 /* GetMessagesUseCaseTests.swift */; };
		B32ACCF04698A89364EDDECE /* Foundation.framework in Frameworks */ = {isa = PBXBuildFile; fileRef = 316EA002FAC5D3328796EF90 /* Foundation.framework */; };
		B6A398A4770795906F2B9DD0 /* DefaultMemberRepositoryTests.swift in Sources */ = {isa = PBXBuildFile; fileRef = DA7199AB4FF706448FF5C6F3 /* DefaultMemberRepositoryTests.swift */; };
		B80C3F0EF4C82027FE1BA377 /* Lottie in Frameworks */ = {isa = PBXBuildFile; productRef = AC51C7CD8AAE4998794DF213 /* Lottie */; };
		B94EC6110CF982D92F30E23E /* RiskTermMatcherTests.swift in Sources */ = {isa = PBXBuildFile; fileRef = 6EDDC3C35E72B3C876A3079B /* RiskTermMatcherTests.swift */; };
		B98DBC4862AA60807F4EF8F0 /* DefaultRiskLexiconRepositoryTests.swift in Sources */ = {isa = PBXBuildFile; fileRef = DAA2E1883400F97C94062B5D /* DefaultRiskLexiconRepositoryTests.swift */; };
		BA7748118B0D2759E0F6A207 /* Pods_GAMSSTests.framework in Frameworks */ = {isa = PBXBuildFile; fileRef = F1CC8FA289575E4B98C41539 /* Pods_GAMSSTests.framework */; };
		BE145A4B9FA13FAE3CDD748C /* ChatViewModelRiskDetectionTests.swift in Sources */ = {isa = PBXBuildFile; fileRef = AB13C8E422F2136CAAAF20DF /* ChatViewModelRiskDetectionTests.swift */; };
		C63AB33F1424E4237FF76F6B /* SummaryErrorTests.swift in Sources */ = {isa = PBXBuildFile; fileRef = 162D28B313B7D3B6D79FE039 /* SummaryErrorTests.swift */; };
		C8DE812C64C04B4EE47E3636 /* DefaultConversationRepositoryTests.swift in Sources */ = {isa = PBXBuildFile; fileRef = CDBFC0FF1B12BFFA1F771ADA /* DefaultConversationRepositoryTests.swift */; };
		CC3333333333333333333333 /* FontWeightTests.swift in Sources */ = {isa = PBXBuildFile; fileRef = BB2222222222222222222222 /* FontWeightTests.swift */; };
		CC604C7607382102024E0FA1 /* ConversationSummaryPolicyTests.swift in Sources */ = {isa = PBXBuildFile; fileRef = 41CCBD8A019CAA37319E7984 /* ConversationSummaryPolicyTests.swift */; };
		CF4E42B9AC7C49293DFDE9D0 /* GetTokenUsageUseCaseTests.swift in Sources */ = {isa = PBXBuildFile; fileRef = 6F13E1684066350D882C6B7B /* GetTokenUsageUseCaseTests.swift */; };
		DC1369FEAE93D794107D5373 /* Color_GAMSSTests.swift in Sources */ = {isa = PBXBuildFile; fileRef = 596EE0F239D37460A7BA389D /* Color_GAMSSTests.swift */; };
		E3A3BE7330A1CCAB9E144B41 /* DefaultEmotionAnalysisRepositoryTests.swift in Sources */ = {isa = PBXBuildFile; fileRef = B816EE4A02D0B23C50F35FF9 /* DefaultEmotionAnalysisRepositoryTests.swift */; };
		E834952DEF0A3543F80CB9A2 /* CardDetailViewModelTests.swift in Sources */ = {isa = PBXBuildFile; fileRef = 74B79C2FD49617A221FCA7C5 /* CardDetailViewModelTests.swift */; };
		EA9C48AD6033E92B4734D506 /* MessageTimestampFormatterTests.swift in Sources */ = {isa = PBXBuildFile; fileRef = E5370238416571DC93C29121 /* MessageTimestampFormatterTests.swift */; };
		ED611FAE84AE4FA2D8287276 /* BundledRiskLexiconContentTests.swift in Sources */ = {isa = PBXBuildFile; fileRef = 8455FE41C4B6B1DFA19E1ED8 /* BundledRiskLexiconContentTests.swift */; };
		EE5555555555555555555555 /* TypographyTests.swift in Sources */ = {isa = PBXBuildFile; fileRef = DD4444444444444444444444 /* TypographyTests.swift */; };
		F1D4E5A20F2B3C4D5E6F7A8B /* SpacingTests.swift in Sources */ = {isa = PBXBuildFile; fileRef = C2D4E5A30F2B3C4D5E6F7A8C /* SpacingTests.swift */; };
		F29C98F332A3EC127B809DD3 /* ChatViewModelTests.swift in Sources */ = {isa = PBXBuildFile; fileRef = BE5C85E76690E41AE394895D /* ChatViewModelTests.swift */; };
		F2D4E5A40F2B3C4D5E6F7A9D /* RadiusTests.swift in Sources */ = {isa = PBXBuildFile; fileRef = C3D4E5A50F2B3C4D5E6F7A9E /* RadiusTests.swift */; };
		F5ECC31B10FC0D62E626B198 /* DetectRiskInTextUseCaseTests.swift in Sources */ = {isa = PBXBuildFile; fileRef = 232692580F47AA3D634D1C5B /* DetectRiskInTextUseCaseTests.swift */; };
		FA90ADA39E7A145713881061 /* MainTabTests.swift in Sources */ = {isa = PBXBuildFile; fileRef = 3C15D652D0472A1EBD024674 /* MainTabTests.swift */; };
/* End PBXBuildFile section */

/* Begin PBXContainerItemProxy section */
		424D7ADC07675A052A1CD8C2 /* PBXContainerItemProxy */ = {
			isa = PBXContainerItemProxy;
			containerPortal = 708F57EB3003C651008DF433 /* Project object */;
			proxyType = 1;
			remoteGlobalIDString = 708F57F23003C651008DF433;
			remoteInfo = GAMSS;
		};
/* End PBXContainerItemProxy section */

/* Begin PBXFileReference section */
		022C2DDBA5CC65F023C72625 /* EndConversationUseCaseTests.swift */ = {isa = PBXFileReference; includeInIndex = 1; lastKnownFileType = sourcecode.swift; path = EndConversationUseCaseTests.swift; sourceTree = "<group>"; };
		02C393632C8A4F12516549D4 /* ConversationHistoryViewModelTests.swift */ = {isa = PBXFileReference; includeInIndex = 1; lastKnownFileType = sourcecode.swift; path = ConversationHistoryViewModelTests.swift; sourceTree = "<group>"; };
		032B0D990023EAA1E72E1E82 /* DefaultConversationSummaryStoreTests.swift */ = {isa = PBXFileReference; includeInIndex = 1; lastKnownFileType = sourcecode.swift; path = DefaultConversationSummaryStoreTests.swift; sourceTree = "<group>"; };
		0ACAF83D4A9CCBB62EFD5C84 /* ConversationSummaryDTOTests.swift */ = {isa = PBXFileReference; includeInIndex = 1; lastKnownFileType = sourcecode.swift; path = ConversationSummaryDTOTests.swift; sourceTree = "<group>"; };
		154AB84FDB8FA1B084D0B67D /* MemberProfileResponseDTOTests.swift */ = {isa = PBXFileReference; includeInIndex = 1; lastKnownFileType = sourcecode.swift; path = MemberProfileResponseDTOTests.swift; sourceTree = "<group>"; };
		162D28B313B7D3B6D79FE039 /* SummaryErrorTests.swift */ = {isa = PBXFileReference; includeInIndex = 1; lastKnownFileType = sourcecode.swift; path = SummaryErrorTests.swift; sourceTree = "<group>"; };
		16F98692DAD0EFA3A362F10A /* CreateCardUseCaseTests.swift */ = {isa = PBXFileReference; includeInIndex = 1; lastKnownFileType = sourcecode.swift; path = CreateCardUseCaseTests.swift; sourceTree = "<group>"; };
		1A8F630A15A80F5FAB52F2C1 /* Pods-GAMSSTests.debug.xcconfig */ = {isa = PBXFileReference; includeInIndex = 1; lastKnownFileType = text.xcconfig; name = "Pods-GAMSSTests.debug.xcconfig"; path = "Target Support Files/Pods-GAMSSTests/Pods-GAMSSTests.debug.xcconfig"; sourceTree = "<group>"; };
		1B68677BF01B5A8971B85AC4 /* QuotedReplyHeaderTests.swift */ = {isa = PBXFileReference; includeInIndex = 1; lastKnownFileType = sourcecode.swift; path = QuotedReplyHeaderTests.swift; sourceTree = "<group>"; };
		232692580F47AA3D634D1C5B /* DetectRiskInTextUseCaseTests.swift */ = {isa = PBXFileReference; includeInIndex = 1; lastKnownFileType = sourcecode.swift; path = DetectRiskInTextUseCaseTests.swift; sourceTree = "<group>"; };
		279ECD6F38C25ADFF48996F2 /* ConversationListDateHeaderFormatterTests.swift */ = {isa = PBXFileReference; includeInIndex = 1; lastKnownFileType = sourcecode.swift; path = ConversationListDateHeaderFormatterTests.swift; sourceTree = "<group>"; };
		316EA002FAC5D3328796EF90 /* Foundation.framework */ = {isa = PBXFileReference; lastKnownFileType = wrapper.framework; name = Foundation.framework; path = Platforms/iPhoneOS.platform/Developer/SDKs/iPhoneOS18.0.sdk/System/Library/Frameworks/Foundation.framework; sourceTree = DEVELOPER_DIR; };
		357489411EB50E4E3E610372 /* RiskLexiconDTOTests.swift */ = {isa = PBXFileReference; includeInIndex = 1; lastKnownFileType = sourcecode.swift; path = RiskLexiconDTOTests.swift; sourceTree = "<group>"; };
		3A26CAC1BD5FA5DF19D14615 /* ConversationListViewModelTests.swift */ = {isa = PBXFileReference; includeInIndex = 1; lastKnownFileType = sourcecode.swift; path = ConversationListViewModelTests.swift; sourceTree = "<group>"; };
		3C15D652D0472A1EBD024674 /* MainTabTests.swift */ = {isa = PBXFileReference; includeInIndex = 1; lastKnownFileType = sourcecode.swift; path = MainTabTests.swift; sourceTree = "<group>"; };
		3C5DF3BD54F67AE200949A44 /* ChatComposerViewTests.swift */ = {isa = PBXFileReference; includeInIndex = 1; lastKnownFileType = sourcecode.swift; path = ChatComposerViewTests.swift; sourceTree = "<group>"; };
		3EDC07CB1FA5BA970388DB6A /* HomeViewModelTests.swift */ = {isa = PBXFileReference; includeInIndex = 1; lastKnownFileType = sourcecode.swift; path = HomeViewModelTests.swift; sourceTree = "<group>"; };
		411F8C36A4F71C3D2F78D616 /* CreateCardRequestDTOTests.swift */ = {isa = PBXFileReference; includeInIndex = 1; lastKnownFileType = sourcecode.swift; path = CreateCardRequestDTOTests.swift; sourceTree = "<group>"; };
		41CCBD8A019CAA37319E7984 /* ConversationSummaryPolicyTests.swift */ = {isa = PBXFileReference; includeInIndex = 1; lastKnownFileType = sourcecode.swift; path = ConversationSummaryPolicyTests.swift; sourceTree = "<group>"; };
		4DDF78D0118869F3D9E1E269 /* SendMessageUseCaseTests.swift */ = {isa = PBXFileReference; includeInIndex = 1; lastKnownFileType = sourcecode.swift; path = SendMessageUseCaseTests.swift; sourceTree = "<group>"; };
		4E5CDEAD6EF2BE204D413633 /* TokenUsageResponseDTOTests.swift */ = {isa = PBXFileReference; includeInIndex = 1; lastKnownFileType = sourcecode.swift; path = TokenUsageResponseDTOTests.swift; sourceTree = "<group>"; };
		596EE0F239D37460A7BA389D /* Color_GAMSSTests.swift */ = {isa = PBXFileReference; includeInIndex = 1; lastKnownFileType = sourcecode.swift; path = Color_GAMSSTests.swift; sourceTree = "<group>"; };
		5B4F594F8D1059D3DF30DE92 /* GAMSSTests.xctest */ = {isa = PBXFileReference; explicitFileType = wrapper.cfbundle; includeInIndex = 0; path = GAMSSTests.xctest; sourceTree = BUILT_PRODUCTS_DIR; };
		5EA0CD379D5E578049585DD1 /* ConversationPreviewTextFormatterTests.swift */ = {isa = PBXFileReference; includeInIndex = 1; lastKnownFileType = sourcecode.swift; path = ConversationPreviewTextFormatterTests.swift; sourceTree = "<group>"; };
		6EDDC3C35E72B3C876A3079B /* RiskTermMatcherTests.swift */ = {isa = PBXFileReference; includeInIndex = 1; lastKnownFileType = sourcecode.swift; path = RiskTermMatcherTests.swift; sourceTree = "<group>"; };
		6EF457567BE11A68704DC4FE /* MessageBubbleLayoutTests.swift */ = {isa = PBXFileReference; includeInIndex = 1; lastKnownFileType = sourcecode.swift; path = MessageBubbleLayoutTests.swift; sourceTree = "<group>"; };
		6F13E1684066350D882C6B7B /* GetTokenUsageUseCaseTests.swift */ = {isa = PBXFileReference; includeInIndex = 1; lastKnownFileType = sourcecode.swift; path = GetTokenUsageUseCaseTests.swift; sourceTree = "<group>"; };
		706922C280295136993F80AC /* GetCardUseCaseTests.swift */ = {isa = PBXFileReference; includeInIndex = 1; lastKnownFileType = sourcecode.swift; path = GetCardUseCaseTests.swift; sourceTree = "<group>"; };
		708F57F33003C651008DF433 /* GAMSS.app */ = {isa = PBXFileReference; explicitFileType = wrapper.application; includeInIndex = 0; path = GAMSS.app; sourceTree = BUILT_PRODUCTS_DIR; };
		74B79C2FD49617A221FCA7C5 /* CardDetailViewModelTests.swift */ = {isa = PBXFileReference; includeInIndex = 1; lastKnownFileType = sourcecode.swift; path = CardDetailViewModelTests.swift; sourceTree = "<group>"; };
		74BF85D65FE78E068CE73F9E /* RiskLexiconCacheTests.swift */ = {isa = PBXFileReference; includeInIndex = 1; lastKnownFileType = sourcecode.swift; path = RiskLexiconCacheTests.swift; sourceTree = "<group>"; };
		7674D757C326ABEDB6302AA6 /* GAMSSTests.swift */ = {isa = PBXFileReference; includeInIndex = 1; lastKnownFileType = sourcecode.swift; path = GAMSSTests.swift; sourceTree = "<group>"; };
		79F056320618BF2744EAC909 /* EmotionTestViewModelTests.swift */ = {isa = PBXFileReference; includeInIndex = 1; lastKnownFileType = sourcecode.swift; path = EmotionTestViewModelTests.swift; sourceTree = "<group>"; };
		7BB1A4112363D93ED3AD1598 /* EmotionCharacterTests.swift */ = {isa = PBXFileReference; includeInIndex = 1; lastKnownFileType = sourcecode.swift; path = EmotionCharacterTests.swift; sourceTree = "<group>"; };
		7DAA522A6DCECC0B3666523C /* CreateMessageRequestDTOTests.swift */ = {isa = PBXFileReference; includeInIndex = 1; lastKnownFileType = sourcecode.swift; path = CreateMessageRequestDTOTests.swift; sourceTree = "<group>"; };
		8157B3B43D20FE0CB425BCC3 /* ISO8601FlexibleParserTests.swift */ = {isa = PBXFileReference; includeInIndex = 1; lastKnownFileType = sourcecode.swift; path = ISO8601FlexibleParserTests.swift; sourceTree = "<group>"; };
		83A67D7BECCB85A88C969AD7 /* GetMessagesUseCaseTests.swift */ = {isa = PBXFileReference; includeInIndex = 1; lastKnownFileType = sourcecode.swift; path = GetMessagesUseCaseTests.swift; sourceTree = "<group>"; };
		8455FE41C4B6B1DFA19E1ED8 /* BundledRiskLexiconContentTests.swift */ = {isa = PBXFileReference; includeInIndex = 1; lastKnownFileType = sourcecode.swift; path = BundledRiskLexiconContentTests.swift; sourceTree = "<group>"; };
		86563A77A8A674E7F050119E /* CommentRevealPolicyTests.swift */ = {isa = PBXFileReference; includeInIndex = 1; lastKnownFileType = sourcecode.swift; path = CommentRevealPolicyTests.swift; sourceTree = "<group>"; };
		90261BDEC2055EA4C470456E /* RiskDetectionTests.swift */ = {isa = PBXFileReference; includeInIndex = 1; lastKnownFileType = sourcecode.swift; path = RiskDetectionTests.swift; sourceTree = "<group>"; };
		90B8DCEEB8A4D7DDE8987325 /* DefaultCardRepositoryTests.swift */ = {isa = PBXFileReference; includeInIndex = 1; lastKnownFileType = sourcecode.swift; path = DefaultCardRepositoryTests.swift; sourceTree = "<group>"; };
		917AD3CE2188BF3D5DCBEBF7 /* TokenUsageTests.swift */ = {isa = PBXFileReference; includeInIndex = 1; lastKnownFileType = sourcecode.swift; path = TokenUsageTests.swift; sourceTree = "<group>"; };
		95BC0A2F902BCC45D7A387D1 /* EmotionCharacterServerKeyMappingTests.swift */ = {isa = PBXFileReference; includeInIndex = 1; lastKnownFileType = sourcecode.swift; path = EmotionCharacterServerKeyMappingTests.swift; sourceTree = "<group>"; };
		9F31305F9DDE03A304202C57 /* DefaultFetchMyProfileUseCaseTests.swift */ = {isa = PBXFileReference; includeInIndex = 1; lastKnownFileType = sourcecode.swift; path = DefaultFetchMyProfileUseCaseTests.swift; sourceTree = "<group>"; };
		A17C099A15F7D9B1481998D0 /* DefaultSummaryRepositoryTests.swift */ = {isa = PBXFileReference; includeInIndex = 1; lastKnownFileType = sourcecode.swift; path = DefaultSummaryRepositoryTests.swift; sourceTree = "<group>"; };
		AB13C8E422F2136CAAAF20DF /* ChatViewModelRiskDetectionTests.swift */ = {isa = PBXFileReference; includeInIndex = 1; lastKnownFileType = sourcecode.swift; path = ChatViewModelRiskDetectionTests.swift; sourceTree = "<group>"; };
		B130F9698EB71973DB961378 /* MessageComposerLayoutTests.swift */ = {isa = PBXFileReference; includeInIndex = 1; lastKnownFileType = sourcecode.swift; path = MessageComposerLayoutTests.swift; sourceTree = "<group>"; };
		B35175B780592B411BDD6B82 /* ConversationMessageDTOTests.swift */ = {isa = PBXFileReference; includeInIndex = 1; lastKnownFileType = sourcecode.swift; path = ConversationMessageDTOTests.swift; sourceTree = "<group>"; };
		B57C94EC067D840B994A661B /* UpdateConversationTitleUseCaseTests.swift */ = {isa = PBXFileReference; includeInIndex = 1; lastKnownFileType = sourcecode.swift; path = UpdateConversationTitleUseCaseTests.swift; sourceTree = "<group>"; };
		B816EE4A02D0B23C50F35FF9 /* DefaultEmotionAnalysisRepositoryTests.swift */ = {isa = PBXFileReference; includeInIndex = 1; lastKnownFileType = sourcecode.swift; path = DefaultEmotionAnalysisRepositoryTests.swift; sourceTree = "<group>"; };
		BB2222222222222222222222 /* FontWeightTests.swift */ = {isa = PBXFileReference; includeInIndex = 1; lastKnownFileType = sourcecode.swift; path = FontWeightTests.swift; sourceTree = "<group>"; };
		BD20B27264EF78F9AD4039D6 /* CardResponseDTOTests.swift */ = {isa = PBXFileReference; includeInIndex = 1; lastKnownFileType = sourcecode.swift; path = CardResponseDTOTests.swift; sourceTree = "<group>"; };
		BE5C85E76690E41AE394895D /* ChatViewModelTests.swift */ = {isa = PBXFileReference; includeInIndex = 1; lastKnownFileType = sourcecode.swift; path = ChatViewModelTests.swift; sourceTree = "<group>"; };
		BECB25622D5F9ADA8FA5E5B6 /* Pods-GAMSS.release.xcconfig */ = {isa = PBXFileReference; includeInIndex = 1; lastKnownFileType = text.xcconfig; name = "Pods-GAMSS.release.xcconfig"; path = "Target Support Files/Pods-GAMSS/Pods-GAMSS.release.xcconfig"; sourceTree = "<group>"; };
		C2D4E5A30F2B3C4D5E6F7A8C /* SpacingTests.swift */ = {isa = PBXFileReference; includeInIndex = 1; lastKnownFileType = sourcecode.swift; path = SpacingTests.swift; sourceTree = "<group>"; };
		C3D4E5A50F2B3C4D5E6F7A9E /* RadiusTests.swift */ = {isa = PBXFileReference; includeInIndex = 1; lastKnownFileType = sourcecode.swift; path = RadiusTests.swift; sourceTree = "<group>"; };
		C6E353FF7D86EAC9E125F484 /* DefaultAnalyzeEmotionUseCaseTests.swift */ = {isa = PBXFileReference; includeInIndex = 1; lastKnownFileType = sourcecode.swift; path = DefaultAnalyzeEmotionUseCaseTests.swift; sourceTree = "<group>"; };
		CDBFC0FF1B12BFFA1F771ADA /* DefaultConversationRepositoryTests.swift */ = {isa = PBXFileReference; includeInIndex = 1; lastKnownFileType = sourcecode.swift; path = DefaultConversationRepositoryTests.swift; sourceTree = "<group>"; };
		CEB4219C48B0B2A51FA9457C /* EmotionTests.swift */ = {isa = PBXFileReference; includeInIndex = 1; lastKnownFileType = sourcecode.swift; path = EmotionTests.swift; sourceTree = "<group>"; };
		D4BE9D664889F13369325DC9 /* sample_sentences.json */ = {isa = PBXFileReference; includeInIndex = 1; lastKnownFileType = text.json; path = sample_sentences.json; sourceTree = "<group>"; };
		DA7199AB4FF706448FF5C6F3 /* DefaultMemberRepositoryTests.swift */ = {isa = PBXFileReference; includeInIndex = 1; lastKnownFileType = sourcecode.swift; path = DefaultMemberRepositoryTests.swift; sourceTree = "<group>"; };
		DAA2E1883400F97C94062B5D /* DefaultRiskLexiconRepositoryTests.swift */ = {isa = PBXFileReference; includeInIndex = 1; lastKnownFileType = sourcecode.swift; path = DefaultRiskLexiconRepositoryTests.swift; sourceTree = "<group>"; };
		DD4444444444444444444444 /* TypographyTests.swift */ = {isa = PBXFileReference; includeInIndex = 1; lastKnownFileType = sourcecode.swift; path = TypographyTests.swift; sourceTree = "<group>"; };
		E3A3B1AD8D344DFAB396C504 /* CardResultViewModelTests.swift */ = {isa = PBXFileReference; includeInIndex = 1; lastKnownFileType = sourcecode.swift; path = CardResultViewModelTests.swift; sourceTree = "<group>"; };
		E5370238416571DC93C29121 /* MessageTimestampFormatterTests.swift */ = {isa = PBXFileReference; includeInIndex = 1; lastKnownFileType = sourcecode.swift; path = MessageTimestampFormatterTests.swift; sourceTree = "<group>"; };
		E7BE3E28AC7871B572DD4B7E /* Pods-GAMSSTests.release.xcconfig */ = {isa = PBXFileReference; includeInIndex = 1; lastKnownFileType = text.xcconfig; name = "Pods-GAMSSTests.release.xcconfig"; path = "Target Support Files/Pods-GAMSSTests/Pods-GAMSSTests.release.xcconfig"; sourceTree = "<group>"; };
		EAD22D6FD3BB2E8E689A52BE /* Pods-GAMSS.debug.xcconfig */ = {isa = PBXFileReference; includeInIndex = 1; lastKnownFileType = text.xcconfig; name = "Pods-GAMSS.debug.xcconfig"; path = "Target Support Files/Pods-GAMSS/Pods-GAMSS.debug.xcconfig"; sourceTree = "<group>"; };
		EB14F9D00BB8B80EFE9A40A4 /* Pods_GAMSS.framework */ = {isa = PBXFileReference; explicitFileType = wrapper.framework; includeInIndex = 0; path = Pods_GAMSS.framework; sourceTree = BUILT_PRODUCTS_DIR; };
		EC5CB066B802E5F028B99529 /* DeleteCardUseCaseTests.swift */ = {isa = PBXFileReference; includeInIndex = 1; lastKnownFileType = sourcecode.swift; path = DeleteCardUseCaseTests.swift; sourceTree = "<group>"; };
		ED231F0A80BD3A4AF9E50BBC /* diary_samples.json */ = {isa = PBXFileReference; includeInIndex = 1; lastKnownFileType = text.json; path = diary_samples.json; sourceTree = "<group>"; };
		F1CC8FA289575E4B98C41539 /* Pods_GAMSSTests.framework */ = {isa = PBXFileReference; explicitFileType = wrapper.framework; includeInIndex = 0; path = Pods_GAMSSTests.framework; sourceTree = BUILT_PRODUCTS_DIR; };
/* End PBXFileReference section */

/* Begin PBXFileSystemSynchronizedBuildFileExceptionSet section */
		70248DBC300BFDEA00857369 /* Exceptions for "GAMSS" folder in "GAMSS" target */ = {
			isa = PBXFileSystemSynchronizedBuildFileExceptionSet;
			membershipExceptions = (
				Info.plist,
			);
			target = 708F57F23003C651008DF433 /* GAMSS */;
		};
/* End PBXFileSystemSynchronizedBuildFileExceptionSet section */

/* Begin PBXFileSystemSynchronizedRootGroup section */
		708F57F53003C651008DF433 /* GAMSS */ = {
			isa = PBXFileSystemSynchronizedRootGroup;
			exceptions = (
				70248DBC300BFDEA00857369 /* Exceptions for "GAMSS" folder in "GAMSS" target */,
			);
			path = GAMSS;
			sourceTree = "<group>";
		};
/* End PBXFileSystemSynchronizedRootGroup section */

/* Begin PBXFrameworksBuildPhase section */
		2B86EF9DA3E10D62075F2B31 /* Frameworks */ = {
			isa = PBXFrameworksBuildPhase;
			buildActionMask = 2147483647;
			files = (
				B32ACCF04698A89364EDDECE /* Foundation.framework in Frameworks */,
				8F4E518B79C7B76223B098BA /* Tokenizers in Frameworks */,
				BA7748118B0D2759E0F6A207 /* Pods_GAMSSTests.framework in Frameworks */,
			);
			runOnlyForDeploymentPostprocessing = 0;
		};
		708F57F03003C651008DF433 /* Frameworks */ = {
			isa = PBXFrameworksBuildPhase;
			buildActionMask = 2147483647;
			files = (
				70248D85300794C800857369 /* FirebaseCrashlytics in Frameworks */,
				70248DCD300D429100857369 /* FirebaseAuth in Frameworks */,
				26A84A0255BB5BB7139414C5 /* Tokenizers in Frameworks */,
				A8948FBCA4DF4E43F2C582EA /* Pods_GAMSS.framework in Frameworks */,
				B80C3F0EF4C82027FE1BA377 /* Lottie in Frameworks */,
				6D62719004B2E6D1D53E3CB9 /* FirebaseFirestore in Frameworks */,
			);
			runOnlyForDeploymentPostprocessing = 0;
		};
/* End PBXFrameworksBuildPhase section */

/* Begin PBXGroup section */
		01A4E5A70F2B3C4D5E6F7AB0 /* Core */ = {
			isa = PBXGroup;
			children = (
				01D4E5A60F2B3C4D5E6F7AAF /* DesignSystem */,
			);
			path = Core;
			sourceTree = "<group>";
		};
		01D4E5A60F2B3C4D5E6F7AAF /* DesignSystem */ = {
			isa = PBXGroup;
			children = (
				C2D4E5A30F2B3C4D5E6F7A8C /* SpacingTests.swift */,
				C3D4E5A50F2B3C4D5E6F7A9E /* RadiusTests.swift */,
				AA3FCF8B76B94F07F0F84F64 /* Colors */,
				AA1111111111111111111111 /* Typography */,
			);
			path = DesignSystem;
			sourceTree = "<group>";
		};
		01F0B560E9B57E72D3F1E993 /* Sources */ = {
			isa = PBXGroup;
			children = (
				BDB764DCBC7D87BF279D6217 /* Presentation */,
			);
			path = Sources;
			sourceTree = "<group>";
		};
		086A8E92FA56831BF52BA539 /* Fixtures */ = {
			isa = PBXGroup;
			children = (
				D4BE9D664889F13369325DC9 /* sample_sentences.json */,
				ED231F0A80BD3A4AF9E50BBC /* diary_samples.json */,
			);
			path = Fixtures;
			sourceTree = "<group>";
		};
		0D3A37EABFFD3944C613D506 /* Pods */ = {
			isa = PBXGroup;
			children = (
				EAD22D6FD3BB2E8E689A52BE /* Pods-GAMSS.debug.xcconfig */,
				BECB25622D5F9ADA8FA5E5B6 /* Pods-GAMSS.release.xcconfig */,
				E7BE3E28AC7871B572DD4B7E /* Pods-GAMSSTests.release.xcconfig */,
				1A8F630A15A80F5FAB52F2C1 /* Pods-GAMSSTests.debug.xcconfig */,
			);
			path = Pods;
			sourceTree = "<group>";
		};
		26D7D48BE358528B948582FD /* GAMSSTests */ = {
			isa = PBXGroup;
			children = (
				7674D757C326ABEDB6302AA6 /* GAMSSTests.swift */,
				01A4E5A70F2B3C4D5E6F7AB0 /* Core */,
				EFFEB6B04B94488D8B385CA9 /* Domain */,
				EAEA5FB8FF3DB8F303B34C67 /* Data */,
				086A8E92FA56831BF52BA539 /* Fixtures */,
				BD2BFF058A8076B74B1722D5 /* Presentation */,
			);
			path = GAMSSTests;
			sourceTree = "<group>";
		};
		314DAF5013EE9BEFD1FC9A6B /* UseCase */ = {
			isa = PBXGroup;
			children = (
				C6E353FF7D86EAC9E125F484 /* DefaultAnalyzeEmotionUseCaseTests.swift */,
				4DDF78D0118869F3D9E1E269 /* SendMessageUseCaseTests.swift */,
				9F31305F9DDE03A304202C57 /* DefaultFetchMyProfileUseCaseTests.swift */,
				B57C94EC067D840B994A661B /* UpdateConversationTitleUseCaseTests.swift */,
				83A67D7BECCB85A88C969AD7 /* GetMessagesUseCaseTests.swift */,
				022C2DDBA5CC65F023C72625 /* EndConversationUseCaseTests.swift */,
				16F98692DAD0EFA3A362F10A /* CreateCardUseCaseTests.swift */,
				706922C280295136993F80AC /* GetCardUseCaseTests.swift */,
				EC5CB066B802E5F028B99529 /* DeleteCardUseCaseTests.swift */,
				6F13E1684066350D882C6B7B /* GetTokenUsageUseCaseTests.swift */,
			);
			path = UseCase;
			sourceTree = "<group>";
		};
		5BFD0AF9307B5D7A4F8263C8 /* DTO */ = {
			isa = PBXGroup;
			children = (
				7DAA522A6DCECC0B3666523C /* CreateMessageRequestDTOTests.swift */,
				B35175B780592B411BDD6B82 /* ConversationMessageDTOTests.swift */,
				8157B3B43D20FE0CB425BCC3 /* ISO8601FlexibleParserTests.swift */,
				0ACAF83D4A9CCBB62EFD5C84 /* ConversationSummaryDTOTests.swift */,
				154AB84FDB8FA1B084D0B67D /* MemberProfileResponseDTOTests.swift */,
				95BC0A2F902BCC45D7A387D1 /* EmotionCharacterServerKeyMappingTests.swift */,
				BD20B27264EF78F9AD4039D6 /* CardResponseDTOTests.swift */,
				411F8C36A4F71C3D2F78D616 /* CreateCardRequestDTOTests.swift */,
				4E5CDEAD6EF2BE204D413633 /* TokenUsageResponseDTOTests.swift */,
			);
			path = DTO;
			sourceTree = "<group>";
		};
		708F57EA3003C651008DF433 = {
			isa = PBXGroup;
			children = (
				708F57F53003C651008DF433 /* GAMSS */,
				708F57F43003C651008DF433 /* Products */,
				AB3A61B1A4856A2545D527E7 /* Frameworks */,
				26D7D48BE358528B948582FD /* GAMSSTests */,
				0D3A37EABFFD3944C613D506 /* Pods */,
				E9FD2F8E84DE170E838F99BD /* GAMSS */,
			);
			sourceTree = "<group>";
		};
		708F57F43003C651008DF433 /* Products */ = {
			isa = PBXGroup;
			children = (
				708F57F33003C651008DF433 /* GAMSS.app */,
				5B4F594F8D1059D3DF30DE92 /* GAMSSTests.xctest */,
			);
			name = Products;
			sourceTree = "<group>";
		};
		76E3D75FEFB4BB71DEEBBA3A /* Safety */ = {
			isa = PBXGroup;
			children = (
				357489411EB50E4E3E610372 /* RiskLexiconDTOTests.swift */,
				8455FE41C4B6B1DFA19E1ED8 /* BundledRiskLexiconContentTests.swift */,
				74BF85D65FE78E068CE73F9E /* RiskLexiconCacheTests.swift */,
				DAA2E1883400F97C94062B5D /* DefaultRiskLexiconRepositoryTests.swift */,
			);
			name = Safety;
			path = Safety;
			sourceTree = "<group>";
		};
		7A27C7CF1F9DFCE4338AD7FC /* Repository */ = {
			isa = PBXGroup;
			children = (
				B816EE4A02D0B23C50F35FF9 /* DefaultEmotionAnalysisRepositoryTests.swift */,
				A17C099A15F7D9B1481998D0 /* DefaultSummaryRepositoryTests.swift */,
				CDBFC0FF1B12BFFA1F771ADA /* DefaultConversationRepositoryTests.swift */,
				DA7199AB4FF706448FF5C6F3 /* DefaultMemberRepositoryTests.swift */,
				90B8DCEEB8A4D7DDE8987325 /* DefaultCardRepositoryTests.swift */,
			);
			path = Repository;
			sourceTree = "<group>";
		};
		9DE2AA199C98D60F02BF57BA /* Safety */ = {
			isa = PBXGroup;
			children = (
				90261BDEC2055EA4C470456E /* RiskDetectionTests.swift */,
				6EDDC3C35E72B3C876A3079B /* RiskTermMatcherTests.swift */,
				232692580F47AA3D634D1C5B /* DetectRiskInTextUseCaseTests.swift */,
			);
			name = Safety;
			path = Safety;
			sourceTree = "<group>";
		};
		AA1111111111111111111111 /* Typography */ = {
			isa = PBXGroup;
			children = (
				BB2222222222222222222222 /* FontWeightTests.swift */,
				DD4444444444444444444444 /* TypographyTests.swift */,
			);
			path = Typography;
			sourceTree = "<group>";
		};
		AA3FCF8B76B94F07F0F84F64 /* Colors */ = {
			isa = PBXGroup;
			children = (
				596EE0F239D37460A7BA389D /* Color_GAMSSTests.swift */,
			);
			path = Colors;
			sourceTree = "<group>";
		};
		AB3A61B1A4856A2545D527E7 /* Frameworks */ = {
			isa = PBXGroup;
			children = (
				E70DADCC4AFBBF2F51563C31 /* iOS */,
				EB14F9D00BB8B80EFE9A40A4 /* Pods_GAMSS.framework */,
				F1CC8FA289575E4B98C41539 /* Pods_GAMSSTests.framework */,
			);
			name = Frameworks;
			sourceTree = "<group>";
		};
		BD2BFF058A8076B74B1722D5 /* Presentation */ = {
			isa = PBXGroup;
			children = (
				79F056320618BF2744EAC909 /* EmotionTestViewModelTests.swift */,
				BE5C85E76690E41AE394895D /* ChatViewModelTests.swift */,
				3EDC07CB1FA5BA970388DB6A /* HomeViewModelTests.swift */,
				3C15D652D0472A1EBD024674 /* MainTabTests.swift */,
				E5370238416571DC93C29121 /* MessageTimestampFormatterTests.swift */,
				1B68677BF01B5A8971B85AC4 /* QuotedReplyHeaderTests.swift */,
				6EF457567BE11A68704DC4FE /* MessageBubbleLayoutTests.swift */,
				3C5DF3BD54F67AE200949A44 /* ChatComposerViewTests.swift */,
				5EA0CD379D5E578049585DD1 /* ConversationPreviewTextFormatterTests.swift */,
				279ECD6F38C25ADFF48996F2 /* ConversationListDateHeaderFormatterTests.swift */,
				3A26CAC1BD5FA5DF19D14615 /* ConversationListViewModelTests.swift */,
				74B79C2FD49617A221FCA7C5 /* CardDetailViewModelTests.swift */,
				02C393632C8A4F12516549D4 /* ConversationHistoryViewModelTests.swift */,
				B130F9698EB71973DB961378 /* MessageComposerLayoutTests.swift */,
				AB13C8E422F2136CAAAF20DF /* ChatViewModelRiskDetectionTests.swift */,
				E3A3B1AD8D344DFAB396C504 /* CardResultViewModelTests.swift */,
			);
			path = Presentation;
			sourceTree = "<group>";
		};
		BD9ED1CAA2842AD49B58322A /* ConversationHistory */ = {
			isa = PBXGroup;
			children = (
			);
			name = ConversationHistory;
			path = ConversationHistory;
			sourceTree = "<group>";
		};
		BDB764DCBC7D87BF279D6217 /* Presentation */ = {
			isa = PBXGroup;
			children = (
				CB9AE75706598ED9A27BB0AF /* SummaryTest */,
				BD9ED1CAA2842AD49B58322A /* ConversationHistory */,
			);
			path = Presentation;
			sourceTree = "<group>";
		};
		CB9AE75706598ED9A27BB0AF /* SummaryTest */ = {
			isa = PBXGroup;
			children = (
			);
			path = SummaryTest;
			sourceTree = "<group>";
		};
		DC46D39DE9FC00DCA99B4FFD /* Entity */ = {
			isa = PBXGroup;
			children = (
				CEB4219C48B0B2A51FA9457C /* EmotionTests.swift */,
				162D28B313B7D3B6D79FE039 /* SummaryErrorTests.swift */,
				917AD3CE2188BF3D5DCBEBF7 /* TokenUsageTests.swift */,
			);
			path = Entity;
			sourceTree = "<group>";
		};
		E70DADCC4AFBBF2F51563C31 /* iOS */ = {
			isa = PBXGroup;
			children = (
				316EA002FAC5D3328796EF90 /* Foundation.framework */,
			);
			name = iOS;
			sourceTree = "<group>";
		};
		E9FD2F8E84DE170E838F99BD /* GAMSS */ = {
			isa = PBXGroup;
			children = (
				01F0B560E9B57E72D3F1E993 /* Sources */,
			);
			path = GAMSS;
			sourceTree = "<group>";
		};
		EAEA5FB8FF3DB8F303B34C67 /* Data */ = {
			isa = PBXGroup;
			children = (
				7A27C7CF1F9DFCE4338AD7FC /* Repository */,
				5BFD0AF9307B5D7A4F8263C8 /* DTO */,
				76E3D75FEFB4BB71DEEBBA3A /* Safety */,
			);
			path = Data;
			sourceTree = "<group>";
		};
		EFFEB6B04B94488D8B385CA9 /* Domain */ = {
			isa = PBXGroup;
			children = (
				DC46D39DE9FC00DCA99B4FFD /* Entity */,
				314DAF5013EE9BEFD1FC9A6B /* UseCase */,
				FA252C1182C38998DC0EC012 /* Conversation */,
				9DE2AA199C98D60F02BF57BA /* Safety */,
			);
			path = Domain;
			sourceTree = "<group>";
		};
		FA252C1182C38998DC0EC012 /* Conversation */ = {
			isa = PBXGroup;
			children = (
				7BB1A4112363D93ED3AD1598 /* EmotionCharacterTests.swift */,
				86563A77A8A674E7F050119E /* CommentRevealPolicyTests.swift */,
				032B0D990023EAA1E72E1E82 /* DefaultConversationSummaryStoreTests.swift */,
				41CCBD8A019CAA37319E7984 /* ConversationSummaryPolicyTests.swift */,
			);
			path = Conversation;
			sourceTree = "<group>";
		};
/* End PBXGroup section */

/* Begin PBXNativeTarget section */
		708F57F23003C651008DF433 /* GAMSS */ = {
			isa = PBXNativeTarget;
			buildConfigurationList = 708F57FE3003C653008DF433 /* Build configuration list for PBXNativeTarget "GAMSS" */;
			buildPhases = (
				873B7F497312802FC8BE0638 /* [CP] Check Pods Manifest.lock */,
				708F57EF3003C651008DF433 /* Sources */,
				708F57F03003C651008DF433 /* Frameworks */,
				708F57F13003C651008DF433 /* Resources */,
				70248D8830094BE000857369 /* ShellScript */,
				E43EA2512EC8CFDD0BA36711 /* [CP] Copy Pods Resources */,
			);
			buildRules = (
			);
			dependencies = (
			);
			fileSystemSynchronizedGroups = (
				708F57F53003C651008DF433 /* GAMSS */,
			);
			name = GAMSS;
			packageProductDependencies = (
				70248D84300794C800857369 /* FirebaseCrashlytics */,
				70248DCC300D429100857369 /* FirebaseAuth */,
				4F92A4F86371ED0E8E85D78F /* Tokenizers */,
				AC51C7CD8AAE4998794DF213 /* Lottie */,
				82735CEB5F372593FF6244CF /* FirebaseFirestore */,
			);
			productName = GAMSS;
			productReference = 708F57F33003C651008DF433 /* GAMSS.app */;
			productType = "com.apple.product-type.application";
		};
		B597DF103CB9CB5340EDE673 /* GAMSSTests */ = {
			isa = PBXNativeTarget;
			buildConfigurationList = 559AE3680766F85989277C9D /* Build configuration list for PBXNativeTarget "GAMSSTests" */;
			buildPhases = (
				EABD51A19CAD662AAF4003DA /* [CP] Check Pods Manifest.lock */,
				77502DB6DB316C20BD2EBF7C /* Sources */,
				2B86EF9DA3E10D62075F2B31 /* Frameworks */,
				F038DD8C7598ACB88347B63D /* Resources */,
			);
			buildRules = (
			);
			dependencies = (
				43DF82701E2030B30DAB9EBF /* PBXTargetDependency */,
			);
			name = GAMSSTests;
			packageProductDependencies = (
				8E8487F478AF703D394C5EB6 /* Tokenizers */,
			);
			productName = GAMSSTests;
			productReference = 5B4F594F8D1059D3DF30DE92 /* GAMSSTests.xctest */;
			productType = "com.apple.product-type.bundle.unit-test";
		};
/* End PBXNativeTarget section */

/* Begin PBXProject section */
		708F57EB3003C651008DF433 /* Project object */ = {
			isa = PBXProject;
			attributes = {
				BuildIndependentTargetsInParallel = 1;
				LastSwiftUpdateCheck = 2610;
				LastUpgradeCheck = 2610;
				TargetAttributes = {
					708F57F23003C651008DF433 = {
						CreatedOnToolsVersion = 26.1.1;
					};
				};
			};
			buildConfigurationList = 708F57EE3003C651008DF433 /* Build configuration list for PBXProject "GAMSS" */;
			developmentRegion = en;
			hasScannedForEncodings = 0;
			knownRegions = (
				en,
				Base,
			);
			mainGroup = 708F57EA3003C651008DF433;
			minimizedProjectReferenceProxies = 1;
			packageReferences = (
				70248D83300794C800857369 /* XCRemoteSwiftPackageReference "firebase-ios-sdk" */,
				1D962D6FF84B1C7ED5A40445 /* XCRemoteSwiftPackageReference "swift-transformers" */,
				91E9EADA9D9B87C6EA814A75 /* XCRemoteSwiftPackageReference "lottie-ios" */,
			);
			preferredProjectObjectVersion = 77;
			productRefGroup = 708F57F43003C651008DF433 /* Products */;
			projectDirPath = "";
			projectRoot = "";
			targets = (
				708F57F23003C651008DF433 /* GAMSS */,
				B597DF103CB9CB5340EDE673 /* GAMSSTests */,
			);
		};
/* End PBXProject section */

/* Begin PBXResourcesBuildPhase section */
		708F57F13003C651008DF433 /* Resources */ = {
			isa = PBXResourcesBuildPhase;
			buildActionMask = 2147483647;
			files = (
			);
			runOnlyForDeploymentPostprocessing = 0;
		};
		F038DD8C7598ACB88347B63D /* Resources */ = {
			isa = PBXResourcesBuildPhase;
			buildActionMask = 2147483647;
			files = (
				94A526BCCCD9DF730A39BF97 /* sample_sentences.json in Resources */,
				3EF2F6DB34A2276C2C9FD746 /* diary_samples.json in Resources */,
			);
			runOnlyForDeploymentPostprocessing = 0;
		};
/* End PBXResourcesBuildPhase section */

/* Begin PBXShellScriptBuildPhase section */
		70248D8830094BE000857369 /* ShellScript */ = {
			isa = PBXShellScriptBuildPhase;
			buildActionMask = 2147483647;
			files = (
			);
			inputFileListPaths = (
			);
			inputPaths = (
				"${DWARF_DSYM_FOLDER_PATH}/${DWARF_DSYM_FILE_NAME}",
				"${DWARF_DSYM_FOLDER_PATH}/${DWARF_DSYM_FILE_NAME}/Contents/Resources/DWARF/${PRODUCT_NAME}",
				"${DWARF_DSYM_FOLDER_PATH}/${DWARF_DSYM_FILE_NAME}/Contents/Info.plist",
				"$(TARGET_BUILD_DIR)/$(UNLOCALIZED_RESOURCES_FOLDER_PATH)/GoogleService-Info.plist",
				"$(TARGET_BUILD_DIR)/$(EXECUTABLE_PATH)",
				"${DWARF_DSYM_FOLDER_PATH}/${DWARF_DSYM_FILE_NAME}/Contents/Resources/DWARF/${PRODUCT_NAME}.debug.dylib",
			);
			outputFileListPaths = (
			);
			outputPaths = (
			);
			runOnlyForDeploymentPostprocessing = 0;
			shellPath = /bin/sh;
			shellScript = "\"${BUILD_DIR%/Build/*}/SourcePackages/checkouts/firebase-ios-sdk/Crashlytics/run\"\n";
		};
		873B7F497312802FC8BE0638 /* [CP] Check Pods Manifest.lock */ = {
			isa = PBXShellScriptBuildPhase;
			buildActionMask = 2147483647;
			files = (
			);
			inputFileListPaths = (
			);
			inputPaths = (
				"${PODS_PODFILE_DIR_PATH}/Podfile.lock",
				"${PODS_ROOT}/Manifest.lock",
			);
			name = "[CP] Check Pods Manifest.lock";
			outputFileListPaths = (
			);
			outputPaths = (
				"$(DERIVED_FILE_DIR)/Pods-GAMSS-checkManifestLockResult.txt",
			);
			runOnlyForDeploymentPostprocessing = 0;
			shellPath = /bin/sh;
			shellScript = "diff \"${PODS_PODFILE_DIR_PATH}/Podfile.lock\" \"${PODS_ROOT}/Manifest.lock\" > /dev/null\nif [ $? != 0 ] ; then\n    # print error to STDERR\n    echo \"error: The sandbox is not in sync with the Podfile.lock. Run 'pod install' or update your CocoaPods installation.\" >&2\n    exit 1\nfi\n# This output is used by Xcode 'outputs' to avoid re-running this script phase.\necho \"SUCCESS\" > \"${SCRIPT_OUTPUT_FILE_0}\"\n";
			showEnvVarsInLog = 0;
		};
		E43EA2512EC8CFDD0BA36711 /* [CP] Copy Pods Resources */ = {
			isa = PBXShellScriptBuildPhase;
			buildActionMask = 2147483647;
			files = (
			);
			inputFileListPaths = (
				"${PODS_ROOT}/Target Support Files/Pods-GAMSS/Pods-GAMSS-resources-${CONFIGURATION}-input-files.xcfilelist",
			);
			name = "[CP] Copy Pods Resources";
			outputFileListPaths = (
				"${PODS_ROOT}/Target Support Files/Pods-GAMSS/Pods-GAMSS-resources-${CONFIGURATION}-output-files.xcfilelist",
			);
			runOnlyForDeploymentPostprocessing = 0;
			shellPath = /bin/sh;
			shellScript = "\"${PODS_ROOT}/Target Support Files/Pods-GAMSS/Pods-GAMSS-resources.sh\"\n";
			showEnvVarsInLog = 0;
		};
		EABD51A19CAD662AAF4003DA /* [CP] Check Pods Manifest.lock */ = {
			isa = PBXShellScriptBuildPhase;
			buildActionMask = 2147483647;
			files = (
			);
			inputFileListPaths = (
			);
			inputPaths = (
				"${PODS_PODFILE_DIR_PATH}/Podfile.lock",
				"${PODS_ROOT}/Manifest.lock",
			);
			name = "[CP] Check Pods Manifest.lock";
			outputFileListPaths = (
			);
			outputPaths = (
				"$(DERIVED_FILE_DIR)/Pods-GAMSSTests-checkManifestLockResult.txt",
			);
			runOnlyForDeploymentPostprocessing = 0;
			shellPath = /bin/sh;
			shellScript = "diff \"${PODS_PODFILE_DIR_PATH}/Podfile.lock\" \"${PODS_ROOT}/Manifest.lock\" > /dev/null\nif [ $? != 0 ] ; then\n    # print error to STDERR\n    echo \"error: The sandbox is not in sync with the Podfile.lock. Run 'pod install' or update your CocoaPods installation.\" >&2\n    exit 1\nfi\n# This output is used by Xcode 'outputs' to avoid re-running this script phase.\necho \"SUCCESS\" > \"${SCRIPT_OUTPUT_FILE_0}\"\n";
			showEnvVarsInLog = 0;
		};
/* End PBXShellScriptBuildPhase section */

/* Begin PBXSourcesBuildPhase section */
		708F57EF3003C651008DF433 /* Sources */ = {
			isa = PBXSourcesBuildPhase;
			buildActionMask = 2147483647;
			files = (
			);
			runOnlyForDeploymentPostprocessing = 0;
		};
		77502DB6DB316C20BD2EBF7C /* Sources */ = {
			isa = PBXSourcesBuildPhase;
			buildActionMask = 2147483647;
			files = (
				16FD4F6D002D9911BCDA46DD /* GAMSSTests.swift in Sources */,
				24EED49AAB4C574B02E9C077 /* EmotionTests.swift in Sources */,
				10B076C4CBD5237ECB6B305D /* DefaultAnalyzeEmotionUseCaseTests.swift in Sources */,
				E3A3BE7330A1CCAB9E144B41 /* DefaultEmotionAnalysisRepositoryTests.swift in Sources */,
				06BCF4ADC30405F292D7B64C /* EmotionTestViewModelTests.swift in Sources */,
				F29C98F332A3EC127B809DD3 /* ChatViewModelTests.swift in Sources */,
				FA90ADA39E7A145713881061 /* MainTabTests.swift in Sources */,
				9EA6F6B8DF51021E18342083 /* HomeViewModelTests.swift in Sources */,
				85725D9CB0A442D0A3F763B7 /* CardResultViewModelTests.swift in Sources */,
				C63AB33F1424E4237FF76F6B /* SummaryErrorTests.swift in Sources */,
				1D8DF6DFC7E7383B9B8C5850 /* DefaultSummaryRepositoryTests.swift in Sources */,
				F1D4E5A20F2B3C4D5E6F7A8B /* SpacingTests.swift in Sources */,
				F2D4E5A40F2B3C4D5E6F7A9D /* RadiusTests.swift in Sources */,
				DC1369FEAE93D794107D5373 /* Color_GAMSSTests.swift in Sources */,
				CC3333333333333333333333 /* FontWeightTests.swift in Sources */,
				EE5555555555555555555555 /* TypographyTests.swift in Sources */,
				3D1B542CB60C3958D3F16702 /* EmotionCharacterTests.swift in Sources */,
				CC604C7607382102024E0FA1 /* ConversationSummaryPolicyTests.swift in Sources */,
				5F8A6F3F851E20BCFE3F805D /* CommentRevealPolicyTests.swift in Sources */,
				1CE64E3A4D746FFBE391D949 /* DefaultConversationSummaryStoreTests.swift in Sources */,
				573CFD0A1638F27B889EF865 /* SendMessageUseCaseTests.swift in Sources */,
				228C37F390B54C3FA3796868 /* DefaultFetchMyProfileUseCaseTests.swift in Sources */,
				91789B140656BAFCCDEB8E50 /* UpdateConversationTitleUseCaseTests.swift in Sources */,
				ABF5C91182F3B409C1AA9E8E /* GetMessagesUseCaseTests.swift in Sources */,
				A8FEE0AD9A4A60908DC5F5F1 /* CreateMessageRequestDTOTests.swift in Sources */,
				5E6EF3C5D7CE4FF3EE4392EC /* ConversationMessageDTOTests.swift in Sources */,
				C8DE812C64C04B4EE47E3636 /* DefaultConversationRepositoryTests.swift in Sources */,
				B6A398A4770795906F2B9DD0 /* DefaultMemberRepositoryTests.swift in Sources */,
				EA9C48AD6033E92B4734D506 /* MessageTimestampFormatterTests.swift in Sources */,
				66BC114B170E43E9C900F517 /* QuotedReplyHeaderTests.swift in Sources */,
				58652E08F4413DEA2016C082 /* MessageBubbleLayoutTests.swift in Sources */,
				A9E97BA8DEC5EE7635B77D1F /* ChatComposerViewTests.swift in Sources */,
				7651811B18BCC6B77AD9FB7B /* ISO8601FlexibleParserTests.swift in Sources */,
				A2EE79F9D91A740A8F752761 /* ConversationSummaryDTOTests.swift in Sources */,
				1997D517BF9366E6F99231DC /* MemberProfileResponseDTOTests.swift in Sources */,
				1B749C406C1D1BDD368D3CF0 /* EmotionCharacterServerKeyMappingTests.swift in Sources */,
				96AB63E38D6D2755BA3BC839 /* ConversationPreviewTextFormatterTests.swift in Sources */,
				37CC583C76082794EA8ED2C3 /* ConversationListDateHeaderFormatterTests.swift in Sources */,
				49CAEB1FBF568E55C6C648B7 /* ConversationListViewModelTests.swift in Sources */,
				3EA1E967FD5758D439B9562F /* EndConversationUseCaseTests.swift in Sources */,
				59B8600C3D1B9FD86501884C /* CreateCardUseCaseTests.swift in Sources */,
				1831280D5A93BBA27EDAEA25 /* DefaultCardRepositoryTests.swift in Sources */,
				6C623FF45784475E33185488 /* CardResponseDTOTests.swift in Sources */,
				29260DC1DEE437ADC8399405 /* CreateCardRequestDTOTests.swift in Sources */,
				6247F063C637FED7F28DDE79 /* GetCardUseCaseTests.swift in Sources */,
				86117F35EFDB7052CCD724B1 /* DeleteCardUseCaseTests.swift in Sources */,
				E834952DEF0A3543F80CB9A2 /* CardDetailViewModelTests.swift in Sources */,
				34F9001EAF385037DD9F30BC /* TokenUsageTests.swift in Sources */,
				7A4795156579633496BE4C49 /* TokenUsageResponseDTOTests.swift in Sources */,
				CF4E42B9AC7C49293DFDE9D0 /* GetTokenUsageUseCaseTests.swift in Sources */,
				297733B706A213A8E068FB70 /* ConversationHistoryViewModelTests.swift in Sources */,
				4F5858CDEFD69E5C60230EB3 /* MessageComposerLayoutTests.swift in Sources */,
				406BB4AAD1B77A703DD61BD3 /* RiskDetectionTests.swift in Sources */,
				B94EC6110CF982D92F30E23E /* RiskTermMatcherTests.swift in Sources */,
				F5ECC31B10FC0D62E626B198 /* DetectRiskInTextUseCaseTests.swift in Sources */,
				314A1F5B02F8DB4F55F4CC1B /* RiskLexiconDTOTests.swift in Sources */,
				ED611FAE84AE4FA2D8287276 /* BundledRiskLexiconContentTests.swift in Sources */,
				7E7867EE85C39CBE2B4A9213 /* RiskLexiconCacheTests.swift in Sources */,
				B98DBC4862AA60807F4EF8F0 /* DefaultRiskLexiconRepositoryTests.swift in Sources */,
				BE145A4B9FA13FAE3CDD748C /* ChatViewModelRiskDetectionTests.swift in Sources */,
			);
			runOnlyForDeploymentPostprocessing = 0;
		};
/* End PBXSourcesBuildPhase section */

/* Begin PBXTargetDependency section */
		43DF82701E2030B30DAB9EBF /* PBXTargetDependency */ = {
			isa = PBXTargetDependency;
			name = GAMSS;
			target = 708F57F23003C651008DF433 /* GAMSS */;
			targetProxy = 424D7ADC07675A052A1CD8C2 /* PBXContainerItemProxy */;
		};
/* End PBXTargetDependency section */

/* Begin XCBuildConfiguration section */
		708F57FC3003C653008DF433 /* Debug */ = {
			isa = XCBuildConfiguration;
			baseConfigurationReferenceAnchor = 708F57F53003C651008DF433 /* GAMSS */;
			baseConfigurationReferenceRelativePath = Config/Debug.xcconfig;
			buildSettings = {
				ALWAYS_SEARCH_USER_PATHS = NO;
				ASSETCATALOG_COMPILER_GENERATE_SWIFT_ASSET_SYMBOL_EXTENSIONS = NO;
				CLANG_ANALYZER_NONNULL = YES;
				CLANG_ANALYZER_NUMBER_OBJECT_CONVERSION = YES_AGGRESSIVE;
				CLANG_CXX_LANGUAGE_STANDARD = "gnu++20";
				CLANG_ENABLE_MODULES = YES;
				CLANG_ENABLE_OBJC_ARC = YES;
				CLANG_ENABLE_OBJC_WEAK = YES;
				CLANG_WARN_BLOCK_CAPTURE_AUTORELEASING = YES;
				CLANG_WARN_BOOL_CONVERSION = YES;
				CLANG_WARN_COMMA = YES;
				CLANG_WARN_CONSTANT_CONVERSION = YES;
				CLANG_WARN_DEPRECATED_OBJC_IMPLEMENTATIONS = YES;
				CLANG_WARN_DIRECT_OBJC_ISA_USAGE = YES_ERROR;
				CLANG_WARN_DOCUMENTATION_COMMENTS = YES;
				CLANG_WARN_EMPTY_BODY = YES;
				CLANG_WARN_ENUM_CONVERSION = YES;
				CLANG_WARN_INFINITE_RECURSION = YES;
				CLANG_WARN_INT_CONVERSION = YES;
				CLANG_WARN_NON_LITERAL_NULL_CONVERSION = YES;
				CLANG_WARN_OBJC_IMPLICIT_RETAIN_SELF = YES;
				CLANG_WARN_OBJC_LITERAL_CONVERSION = YES;
				CLANG_WARN_OBJC_ROOT_CLASS = YES_ERROR;
				CLANG_WARN_QUOTED_INCLUDE_IN_FRAMEWORK_HEADER = YES;
				CLANG_WARN_RANGE_LOOP_ANALYSIS = YES;
				CLANG_WARN_STRICT_PROTOTYPES = YES;
				CLANG_WARN_SUSPICIOUS_MOVE = YES;
				CLANG_WARN_UNGUARDED_AVAILABILITY = YES_AGGRESSIVE;
				CLANG_WARN_UNREACHABLE_CODE = YES;
				CLANG_WARN__DUPLICATE_METHOD_MATCH = YES;
				COPY_PHASE_STRIP = NO;
				DEBUG_INFORMATION_FORMAT = "dwarf-with-dsym";
				ENABLE_STRICT_OBJC_MSGSEND = YES;
				ENABLE_TESTABILITY = YES;
				ENABLE_USER_SCRIPT_SANDBOXING = YES;
				GCC_C_LANGUAGE_STANDARD = gnu17;
				GCC_DYNAMIC_NO_PIC = NO;
				GCC_NO_COMMON_BLOCKS = YES;
				GCC_OPTIMIZATION_LEVEL = 0;
				GCC_PREPROCESSOR_DEFINITIONS = (
					"DEBUG=1",
					"$(inherited)",
				);
				GCC_WARN_64_TO_32_BIT_CONVERSION = YES;
				GCC_WARN_ABOUT_RETURN_TYPE = YES_ERROR;
				GCC_WARN_UNDECLARED_SELECTOR = YES;
				GCC_WARN_UNINITIALIZED_AUTOS = YES_AGGRESSIVE;
				GCC_WARN_UNUSED_FUNCTION = YES;
				GCC_WARN_UNUSED_VARIABLE = YES;
				IPHONEOS_DEPLOYMENT_TARGET = 26.1;
				LOCALIZATION_PREFERS_STRING_CATALOGS = YES;
				MTL_ENABLE_DEBUG_INFO = INCLUDE_SOURCE;
				MTL_FAST_MATH = YES;
				ONLY_ACTIVE_ARCH = YES;
				SDKROOT = iphoneos;
				SWIFT_ACTIVE_COMPILATION_CONDITIONS = "DEBUG $(inherited)";
				SWIFT_OPTIMIZATION_LEVEL = "-Onone";
			};
			name = Debug;
		};
		708F57FD3003C653008DF433 /* Release */ = {
			isa = XCBuildConfiguration;
			baseConfigurationReferenceAnchor = 708F57F53003C651008DF433 /* GAMSS */;
			baseConfigurationReferenceRelativePath = Config/Release.xcconfig;
			buildSettings = {
				ALWAYS_SEARCH_USER_PATHS = NO;
				ASSETCATALOG_COMPILER_GENERATE_SWIFT_ASSET_SYMBOL_EXTENSIONS = NO;
				CLANG_ANALYZER_NONNULL = YES;
				CLANG_ANALYZER_NUMBER_OBJECT_CONVERSION = YES_AGGRESSIVE;
				CLANG_CXX_LANGUAGE_STANDARD = "gnu++20";
				CLANG_ENABLE_MODULES = YES;
				CLANG_ENABLE_OBJC_ARC = YES;
				CLANG_ENABLE_OBJC_WEAK = YES;
				CLANG_WARN_BLOCK_CAPTURE_AUTORELEASING = YES;
				CLANG_WARN_BOOL_CONVERSION = YES;
				CLANG_WARN_COMMA = YES;
				CLANG_WARN_CONSTANT_CONVERSION = YES;
				CLANG_WARN_DEPRECATED_OBJC_IMPLEMENTATIONS = YES;
				CLANG_WARN_DIRECT_OBJC_ISA_USAGE = YES_ERROR;
				CLANG_WARN_DOCUMENTATION_COMMENTS = YES;
				CLANG_WARN_EMPTY_BODY = YES;
				CLANG_WARN_ENUM_CONVERSION = YES;
				CLANG_WARN_INFINITE_RECURSION = YES;
				CLANG_WARN_INT_CONVERSION = YES;
				CLANG_WARN_NON_LITERAL_NULL_CONVERSION = YES;
				CLANG_WARN_OBJC_IMPLICIT_RETAIN_SELF = YES;
				CLANG_WARN_OBJC_LITERAL_CONVERSION = YES;
				CLANG_WARN_OBJC_ROOT_CLASS = YES_ERROR;
				CLANG_WARN_QUOTED_INCLUDE_IN_FRAMEWORK_HEADER = YES;
				CLANG_WARN_RANGE_LOOP_ANALYSIS = YES;
				CLANG_WARN_STRICT_PROTOTYPES = YES;
				CLANG_WARN_SUSPICIOUS_MOVE = YES;
				CLANG_WARN_UNGUARDED_AVAILABILITY = YES_AGGRESSIVE;
				CLANG_WARN_UNREACHABLE_CODE = YES;
				CLANG_WARN__DUPLICATE_METHOD_MATCH = YES;
				COPY_PHASE_STRIP = NO;
				DEBUG_INFORMATION_FORMAT = "dwarf-with-dsym";
				ENABLE_NS_ASSERTIONS = NO;
				ENABLE_STRICT_OBJC_MSGSEND = YES;
				ENABLE_USER_SCRIPT_SANDBOXING = YES;
				GCC_C_LANGUAGE_STANDARD = gnu17;
				GCC_NO_COMMON_BLOCKS = YES;
				GCC_WARN_64_TO_32_BIT_CONVERSION = YES;
				GCC_WARN_ABOUT_RETURN_TYPE = YES_ERROR;
				GCC_WARN_UNDECLARED_SELECTOR = YES;
				GCC_WARN_UNINITIALIZED_AUTOS = YES_AGGRESSIVE;
				GCC_WARN_UNUSED_FUNCTION = YES;
				GCC_WARN_UNUSED_VARIABLE = YES;
				IPHONEOS_DEPLOYMENT_TARGET = 26.1;
				LOCALIZATION_PREFERS_STRING_CATALOGS = YES;
				MTL_ENABLE_DEBUG_INFO = NO;
				MTL_FAST_MATH = YES;
				SDKROOT = iphoneos;
				SWIFT_COMPILATION_MODE = wholemodule;
				VALIDATE_PRODUCT = YES;
			};
			name = Release;
		};
		708F57FF3003C653008DF433 /* Debug */ = {
			isa = XCBuildConfiguration;
			baseConfigurationReference = EAD22D6FD3BB2E8E689A52BE /* Pods-GAMSS.debug.xcconfig */;
			buildSettings = {
				ASSETCATALOG_COMPILER_APPICON_NAME = AppIcon;
				ASSETCATALOG_COMPILER_GLOBAL_ACCENT_COLOR_NAME = AccentColor;
				ASSETCATALOG_COMPILER_INCLUDE_ALL_APPICON_ASSETS = NO;
				CODE_SIGN_ENTITLEMENTS = GAMSS/GAMSS.entitlements;
				CODE_SIGN_STYLE = Automatic;
				CURRENT_PROJECT_VERSION = 9;
				DEVELOPMENT_TEAM = 2KAH6SCW4S;
				ENABLE_PREVIEWS = YES;
				ENABLE_USER_SCRIPT_SANDBOXING = NO;
				GENERATE_INFOPLIST_FILE = YES;
				INFOPLIST_FILE = GAMSS/Info.plist;
				INFOPLIST_KEY_UIApplicationSceneManifest_Generation = YES;
				INFOPLIST_KEY_UIApplicationSupportsIndirectInputEvents = YES;
				INFOPLIST_KEY_UILaunchScreen_Generation = YES;
				INFOPLIST_KEY_UISupportedInterfaceOrientations = UIInterfaceOrientationPortrait;
				INFOPLIST_KEY_UISupportedInterfaceOrientations_iPad = "UIInterfaceOrientationLandscapeLeft UIInterfaceOrientationLandscapeRight UIInterfaceOrientationPortrait UIInterfaceOrientationPortraitUpsideDown";
				IPHONEOS_DEPLOYMENT_TARGET = 18.1;
				LD_RUNPATH_SEARCH_PATHS = (
					"$(inherited)",
					"@executable_path/Frameworks",
				);
				MARKETING_VERSION = 1.0.3;
				OTHER_LDFLAGS = (
					"$(inherited)",
					"-Objc",
				);
				PRODUCT_BUNDLE_IDENTIFIER = com.nexters.gamss;
				PRODUCT_NAME = "$(TARGET_NAME)";
				STRING_CATALOG_GENERATE_SYMBOLS = YES;
				SUPPORTED_PLATFORMS = "iphoneos iphonesimulator";
				SUPPORTS_MACCATALYST = NO;
				SUPPORTS_MAC_DESIGNED_FOR_IPHONE_IPAD = NO;
				SUPPORTS_XR_DESIGNED_FOR_IPHONE_IPAD = NO;
				SWIFT_APPROACHABLE_CONCURRENCY = YES;
				SWIFT_DEFAULT_ACTOR_ISOLATION = nonisolated;
				SWIFT_EMIT_LOC_STRINGS = YES;
				SWIFT_UPCOMING_FEATURE_MEMBER_IMPORT_VISIBILITY = YES;
				SWIFT_VERSION = 5.0;
				TARGETED_DEVICE_FAMILY = 1;
			};
			name = Debug;
		};
		708F58003003C653008DF433 /* Release */ = {
			isa = XCBuildConfiguration;
			baseConfigurationReference = BECB25622D5F9ADA8FA5E5B6 /* Pods-GAMSS.release.xcconfig */;
			buildSettings = {
				ASSETCATALOG_COMPILER_APPICON_NAME = AppIcon;
				ASSETCATALOG_COMPILER_GLOBAL_ACCENT_COLOR_NAME = AccentColor;
				ASSETCATALOG_COMPILER_INCLUDE_ALL_APPICON_ASSETS = NO;
				CODE_SIGN_ENTITLEMENTS = GAMSS/GAMSS.entitlements;
				CODE_SIGN_STYLE = Automatic;
				CURRENT_PROJECT_VERSION = 12;
				DEVELOPMENT_TEAM = 2KAH6SCW4S;
				ENABLE_PREVIEWS = YES;
				ENABLE_USER_SCRIPT_SANDBOXING = NO;
				GENERATE_INFOPLIST_FILE = YES;
				INFOPLIST_FILE = GAMSS/Info.plist;
				INFOPLIST_KEY_UIApplicationSceneManifest_Generation = YES;
				INFOPLIST_KEY_UIApplicationSupportsIndirectInputEvents = YES;
				INFOPLIST_KEY_UILaunchScreen_Generation = YES;
				INFOPLIST_KEY_UISupportedInterfaceOrientations = UIInterfaceOrientationPortrait;
				INFOPLIST_KEY_UISupportedInterfaceOrientations_iPad = "UIInterfaceOrientationLandscapeLeft UIInterfaceOrientationLandscapeRight UIInterfaceOrientationPortrait UIInterfaceOrientationPortraitUpsideDown";
				IPHONEOS_DEPLOYMENT_TARGET = 18.1;
				LD_RUNPATH_SEARCH_PATHS = (
					"$(inherited)",
					"@executable_path/Frameworks",
				);
				MARKETING_VERSION = 1.0.2;
				OTHER_LDFLAGS = (
					"$(inherited)",
					"-Objc",
				);
				PRODUCT_BUNDLE_IDENTIFIER = com.nexters.gamss;
				PRODUCT_NAME = "$(TARGET_NAME)";
				STRING_CATALOG_GENERATE_SYMBOLS = YES;
				SUPPORTED_PLATFORMS = "iphoneos iphonesimulator";
				SUPPORTS_MACCATALYST = NO;
				SUPPORTS_MAC_DESIGNED_FOR_IPHONE_IPAD = NO;
				SUPPORTS_XR_DESIGNED_FOR_IPHONE_IPAD = NO;
				SWIFT_APPROACHABLE_CONCURRENCY = YES;
				SWIFT_DEFAULT_ACTOR_ISOLATION = nonisolated;
				SWIFT_EMIT_LOC_STRINGS = YES;
				SWIFT_UPCOMING_FEATURE_MEMBER_IMPORT_VISIBILITY = YES;
				SWIFT_VERSION = 5.0;
				TARGETED_DEVICE_FAMILY = 1;
			};
			name = Release;
		};
		8A305D6E137D5FF38853FE59 /* Debug */ = {
			isa = XCBuildConfiguration;
			baseConfigurationReference = 1A8F630A15A80F5FAB52F2C1 /* Pods-GAMSSTests.debug.xcconfig */;
			buildSettings = {
				BUNDLE_LOADER = "$(TEST_HOST)";
				CLANG_ENABLE_OBJC_WEAK = NO;
				GENERATE_INFOPLIST_FILE = YES;
				IPHONEOS_DEPLOYMENT_TARGET = 18.1;
				PRODUCT_BUNDLE_IDENTIFIER = com.nexters.gamss.Tests;
				PRODUCT_NAME = "$(TARGET_NAME)";
				SDKROOT = iphoneos;
				SWIFT_VERSION = 5.0;
				TEST_HOST = "$(BUILT_PRODUCTS_DIR)/GAMSS.app/GAMSS";
			};
			name = Debug;
		};
		AE0A9E514EEAD6687005E404 /* Release */ = {
			isa = XCBuildConfiguration;
			baseConfigurationReference = E7BE3E28AC7871B572DD4B7E /* Pods-GAMSSTests.release.xcconfig */;
			buildSettings = {
				BUNDLE_LOADER = "$(TEST_HOST)";
				CLANG_ENABLE_OBJC_WEAK = NO;
				GENERATE_INFOPLIST_FILE = YES;
				IPHONEOS_DEPLOYMENT_TARGET = 18.1;
				PRODUCT_BUNDLE_IDENTIFIER = com.nexters.gamss.Tests;
				PRODUCT_NAME = "$(TARGET_NAME)";
				SDKROOT = iphoneos;
				SWIFT_VERSION = 5.0;
				TEST_HOST = "$(BUILT_PRODUCTS_DIR)/GAMSS.app/GAMSS";
				VALIDATE_PRODUCT = YES;
			};
			name = Release;
		};
/* End XCBuildConfiguration section */

/* Begin XCConfigurationList section */
		559AE3680766F85989277C9D /* Build configuration list for PBXNativeTarget "GAMSSTests" */ = {
			isa = XCConfigurationList;
			buildConfigurations = (
				AE0A9E514EEAD6687005E404 /* Release */,
				8A305D6E137D5FF38853FE59 /* Debug */,
			);
			defaultConfigurationIsVisible = 0;
			defaultConfigurationName = Release;
		};
		708F57EE3003C651008DF433 /* Build configuration list for PBXProject "GAMSS" */ = {
			isa = XCConfigurationList;
			buildConfigurations = (
				708F57FC3003C653008DF433 /* Debug */,
				708F57FD3003C653008DF433 /* Release */,
			);
			defaultConfigurationIsVisible = 0;
			defaultConfigurationName = Release;
		};
		708F57FE3003C653008DF433 /* Build configuration list for PBXNativeTarget "GAMSS" */ = {
			isa = XCConfigurationList;
			buildConfigurations = (
				708F57FF3003C653008DF433 /* Debug */,
				708F58003003C653008DF433 /* Release */,
			);
			defaultConfigurationIsVisible = 0;
			defaultConfigurationName = Release;
		};
/* End XCConfigurationList section */

/* Begin XCRemoteSwiftPackageReference section */
		1D962D6FF84B1C7ED5A40445 /* XCRemoteSwiftPackageReference "swift-transformers" */ = {
			isa = XCRemoteSwiftPackageReference;
			repositoryURL = "https://github.com/huggingface/swift-transformers";
			requirement = {
				kind = upToNextMajorVersion;
				minimumVersion = 1.3.0;
			};
		};
		70248D83300794C800857369 /* XCRemoteSwiftPackageReference "firebase-ios-sdk" */ = {
			isa = XCRemoteSwiftPackageReference;
			repositoryURL = "https://github.com/firebase/firebase-ios-sdk";
			requirement = {
				kind = upToNextMajorVersion;
				minimumVersion = 12.16.0;
			};
		};
		91E9EADA9D9B87C6EA814A75 /* XCRemoteSwiftPackageReference "lottie-ios" */ = {
			isa = XCRemoteSwiftPackageReference;
			repositoryURL = "https://github.com/airbnb/lottie-ios";
			requirement = {
				kind = upToNextMajorVersion;
				minimumVersion = 4.4.0;
			};
		};
/* End XCRemoteSwiftPackageReference section */

/* Begin XCSwiftPackageProductDependency section */
		4F92A4F86371ED0E8E85D78F /* Tokenizers */ = {
			isa = XCSwiftPackageProductDependency;
			package = 1D962D6FF84B1C7ED5A40445 /* XCRemoteSwiftPackageReference "swift-transformers" */;
			productName = Tokenizers;
		};
		70248D84300794C800857369 /* FirebaseCrashlytics */ = {
			isa = XCSwiftPackageProductDependency;
			package = 70248D83300794C800857369 /* XCRemoteSwiftPackageReference "firebase-ios-sdk" */;
			productName = FirebaseCrashlytics;
		};
		70248DCC300D429100857369 /* FirebaseAuth */ = {
			isa = XCSwiftPackageProductDependency;
			package = 70248D83300794C800857369 /* XCRemoteSwiftPackageReference "firebase-ios-sdk" */;
			productName = FirebaseAuth;
		};
		82735CEB5F372593FF6244CF /* FirebaseFirestore */ = {
			isa = XCSwiftPackageProductDependency;
			package = 70248D83300794C800857369 /* XCRemoteSwiftPackageReference "firebase-ios-sdk" */;
			productName = FirebaseFirestore;
		};
		8E8487F478AF703D394C5EB6 /* Tokenizers */ = {
			isa = XCSwiftPackageProductDependency;
			package = 1D962D6FF84B1C7ED5A40445 /* XCRemoteSwiftPackageReference "swift-transformers" */;
			productName = Tokenizers;
		};
		AC51C7CD8AAE4998794DF213 /* Lottie */ = {
			isa = XCSwiftPackageProductDependency;
			package = 91E9EADA9D9B87C6EA814A75 /* XCRemoteSwiftPackageReference "lottie-ios" */;
			productName = Lottie;
		};
/* End XCSwiftPackageProductDependency section */
	};
	rootObject = 708F57EB3003C651008DF433 /* Project object */;
}
